{
  "name": "ngx-universign",
  "version": "0.0.0-development",
  "lockfileVersion": 1,
  "requires": true,
  "dependencies": {
    "loadjs": {
      "version": "3.6.1",
      "resolved": "https://registry.npmjs.org/loadjs/-/loadjs-3.6.1.tgz",
      "integrity": "sha512-AZEBw2GWdJk2IzBgQ+Wohoao5j+t0rajqK8dJu8jQqgYxDTxhmCt0ayMo/vCa0ZAMvZxnJcam6uLICfnVd8KAw=="
    }
  }
}
