{
  "name": "ngx-universign",
  "version": "0.0.0-development",
  "lockfileVersion": 1,
  "requires": true,
  "dependencies": {
    "loadjs": {
      "version": "4.0.1",
      "resolved": "https://registry.npmjs.org/loadjs/-/loadjs-4.0.1.tgz",
      "integrity": "sha512-ArFeJEd5TFXjcO1YqT5uSgSMBq+NHWdoew7o6sLqb1KZBg06UIyk/PMT8ftN9T5vT20q3QbzsKdp2N8XhdYysQ=="
    }
  }
}
